
Microsoft Visual Studio Solution File, Format Version 12.00
# Visual Studio 15
VisualStudioVersion = 15.0.27428.2015
MinimumVisualStudioVersion = 10.0.40219.1
Project("{6EC3EE1D-3C4E-46DD-8F32-0CC8E7565705}") = "GribTests", "GribTests\GribTests.fsproj", "{EA331366-11C0-46BE-9FA8-520C6A48E5C4}"
EndProject
Project("{6EC3EE1D-3C4E-46DD-8F32-0CC8E7565705}") = "GribViewerCore", "GribViewerCore\GribViewerCore.fsproj", "{64DDDD20-97BF-4F5D-B48D-CB369E7417ED}"
EndProject
Project("{2150E333-8FDC-42A3-9474-1A3956D46DE8}") = "Solution Items", "Solution Items", "{C8B350C9-B6F5-4242-86D8-8ABB6F723F4E}"
	ProjectSection(SolutionItems) = preProject
		README.md = README.md
	EndProjectSection
EndProject
Project("{6EC3EE1D-3C4E-46DD-8F32-0CC8E7565705}") = "Runner", "Runner\Runner.fsproj", "{84243462-B7DD-46AC-9228-312539B0E5E2}"
EndProject
Project("{9A19103F-16F7-4668-BE54-9A1E7A4F7556}") = "WebViewer", "WebViewer\WebViewer.csproj", "{30F7EE36-85A7-4292-B0D8-CE742389D467}"
EndProject
Project("{9A19103F-16F7-4668-BE54-9A1E7A4F7556}") = "ReferenceFiles", "ReferenceFiles\ReferenceFiles.csproj", "{88497EF2-F368-4328-B2C8-E6628A62E68A}"
EndProject
Global
	GlobalSection(SolutionConfigurationPlatforms) = preSolution
		AppVeyor|Any CPU = AppVeyor|Any CPU
		Debug|Any CPU = Debug|Any CPU
		Release|Any CPU = Release|Any CPU
	EndGlobalSection
	GlobalSection(ProjectConfigurationPlatforms) = postSolution
		{EA331366-11C0-46BE-9FA8-520C6A48E5C4}.AppVeyor|Any CPU.ActiveCfg = AppVeyor|Any CPU
		{EA331366-11C0-46BE-9FA8-520C6A48E5C4}.AppVeyor|Any CPU.Build.0 = AppVeyor|Any CPU
		{EA331366-11C0-46BE-9FA8-520C6A48E5C4}.Debug|Any CPU.ActiveCfg = Debug|Any CPU
		{EA331366-11C0-46BE-9FA8-520C6A48E5C4}.Debug|Any CPU.Build.0 = Debug|Any CPU
		{EA331366-11C0-46BE-9FA8-520C6A48E5C4}.Release|Any CPU.ActiveCfg = Release|Any CPU
		{EA331366-11C0-46BE-9FA8-520C6A48E5C4}.Release|Any CPU.Build.0 = Release|Any CPU
		{64DDDD20-97BF-4F5D-B48D-CB369E7417ED}.AppVeyor|Any CPU.ActiveCfg = AppVeyor|Any CPU
		{64DDDD20-97BF-4F5D-B48D-CB369E7417ED}.AppVeyor|Any CPU.Build.0 = AppVeyor|Any CPU
		{64DDDD20-97BF-4F5D-B48D-CB369E7417ED}.Debug|Any CPU.ActiveCfg = Debug|Any CPU
		{64DDDD20-97BF-4F5D-B48D-CB369E7417ED}.Debug|Any CPU.Build.0 = Debug|Any CPU
		{64DDDD20-97BF-4F5D-B48D-CB369E7417ED}.Release|Any CPU.ActiveCfg = Release|Any CPU
		{64DDDD20-97BF-4F5D-B48D-CB369E7417ED}.Release|Any CPU.Build.0 = Release|Any CPU
		{84243462-B7DD-46AC-9228-312539B0E5E2}.AppVeyor|Any CPU.ActiveCfg = AppVeyor|Any CPU
		{84243462-B7DD-46AC-9228-312539B0E5E2}.Debug|Any CPU.ActiveCfg = Debug|Any CPU
		{84243462-B7DD-46AC-9228-312539B0E5E2}.Debug|Any CPU.Build.0 = Debug|Any CPU
		{84243462-B7DD-46AC-9228-312539B0E5E2}.Release|Any CPU.ActiveCfg = Release|Any CPU
		{84243462-B7DD-46AC-9228-312539B0E5E2}.Release|Any CPU.Build.0 = Release|Any CPU
		{30F7EE36-85A7-4292-B0D8-CE742389D467}.AppVeyor|Any CPU.ActiveCfg = Debug|Any CPU
		{30F7EE36-85A7-4292-B0D8-CE742389D467}.AppVeyor|Any CPU.Build.0 = Debug|Any CPU
		{30F7EE36-85A7-4292-B0D8-CE742389D467}.Debug|Any CPU.ActiveCfg = Debug|Any CPU
		{30F7EE36-85A7-4292-B0D8-CE742389D467}.Debug|Any CPU.Build.0 = Debug|Any CPU
		{30F7EE36-85A7-4292-B0D8-CE742389D467}.Release|Any CPU.ActiveCfg = Release|Any CPU
		{30F7EE36-85A7-4292-B0D8-CE742389D467}.Release|Any CPU.Build.0 = Release|Any CPU
		{88497EF2-F368-4328-B2C8-E6628A62E68A}.AppVeyor|Any CPU.ActiveCfg = Debug|Any CPU
		{88497EF2-F368-4328-B2C8-E6628A62E68A}.AppVeyor|Any CPU.Build.0 = Debug|Any CPU
		{88497EF2-F368-4328-B2C8-E6628A62E68A}.Debug|Any CPU.ActiveCfg = Debug|Any CPU
		{88497EF2-F368-4328-B2C8-E6628A62E68A}.Debug|Any CPU.Build.0 = Debug|Any CPU
		{88497EF2-F368-4328-B2C8-E6628A62E68A}.Release|Any CPU.ActiveCfg = Release|Any CPU
		{88497EF2-F368-4328-B2C8-E6628A62E68A}.Release|Any CPU.Build.0 = Release|Any CPU
	EndGlobalSection
	GlobalSection(SolutionProperties) = preSolution
		HideSolutionNode = FALSE
	EndGlobalSection
	GlobalSection(ExtensibilityGlobals) = postSolution
		SolutionGuid = {81BFA574-1E6F-4ABE-9DDD-3CA249BCAB40}
	EndGlobalSection
EndGlobal
